
Microsoft Visual Studio Solution File, Format Version 12.00
# Visual Studio 15
Project("{FAE04EC0-301F-11D3-BF4B-00C04F79EFBC}") = "PizzaMaster", "PizzaMaster\PizzaMaster.csproj", "{C0183864-68A0-4CCF-9A52-1A8930C27970}"
EndProject
Global
	GlobalSection(SolutionConfigurationPlatforms) = preSolution
		Debug|x86 = Debug|x86
		Release|x86 = Release|x86
	EndGlobalSection
	GlobalSection(ProjectConfigurationPlatforms) = postSolution
		{C0183864-68A0-4CCF-9A52-1A8930C27970}.Debug|x86.ActiveCfg = Debug|x86
		{C0183864-68A0-4CCF-9A52-1A8930C27970}.Debug|x86.Build.0 = Debug|x86
		{C0183864-68A0-4CCF-9A52-1A8930C27970}.Release|x86.ActiveCfg = Release|x86
		{C0183864-68A0-4CCF-9A52-1A8930C27970}.Release|x86.Build.0 = Release|x86
	EndGlobalSection
EndGlobal
